
Microsoft Visual Studio Solution File, Format Version 12.00
# Visual Studio Version 17
VisualStudioVersion = 17.0.31903.59
MinimumVisualStudioVersion = 10.0.40219.1
Project("{9A19103F-16F7-4668-BE54-9A1E7A4F7556}") = "WebAppIrisFlower-Frontend", "WebAppIrisFlower-Frontend\WebAppIrisFlower-Frontend.csproj", "{DEA415F2-D00A-420F-A811-D684FFD7E294}"
EndProject
Global
	GlobalSection(SolutionConfigurationPlatforms) = preSolution
		Debug|Any CPU = Debug|Any CPU
		Release|Any CPU = Release|Any CPU
	EndGlobalSection
	GlobalSection(ProjectConfigurationPlatforms) = postSolution
		{DEA415F2-D00A-420F-A811-D684FFD7E294}.Debug|Any CPU.ActiveCfg = Debug|Any CPU
		{DEA415F2-D00A-420F-A811-D684FFD7E294}.Debug|Any CPU.Build.0 = Debug|Any CPU
		{DEA415F2-D00A-420F-A811-D684FFD7E294}.Release|Any CPU.ActiveCfg = Release|Any CPU
		{DEA415F2-D00A-420F-A811-D684FFD7E294}.Release|Any CPU.Build.0 = Release|Any CPU
	EndGlobalSection
	GlobalSection(SolutionProperties) = preSolution
		HideSolutionNode = FALSE
	EndGlobalSection
	GlobalSection(ExtensibilityGlobals) = postSolution
		SolutionGuid = {D9D56996-530E-471C-A70C-88F6169F13CF}
	EndGlobalSection
EndGlobal
